<?xml version="1.0" encoding="utf-8"?>
<Project ToolsVersion="4.0" xmlns="http://schemas.microsoft.com/developer/msbuild/2003">
  <ItemGroup>
    <Filter Include="Source Files">
      <UniqueIdentifier>{4FC737F1-C7A5-4376-A066-2A32D752A2FF}</UniqueIdentifier>
      <Extensions>cpp;c;cc;cxx;def;odl;idl;hpj;bat;asm;asmx</Extensions>
    </Filter>
    <Filter Include="Header Files">
      <UniqueIdentifier>{93995380-89BD-4b04-88EB-625FBE52EBFB}</UniqueIdentifier>
      <Extensions>h;hh;hpp;hxx;hm;inl;inc;ipp;xsd</Extensions>
    </Filter>
    <Filter Include="Resource Files">
      <UniqueIdentifier>{67DA6AB6-F800-4c08-8B7A-83BB121AAD01}</UniqueIdentifier>
      <Extensions>rc;ico;cur;bmp;dlg;rc2;rct;bin;rgs;gif;jpg;jpeg;jpe;resx;tiff;tif;png;wav;mfcribbon-ms</Extensions>
    </Filter>
    <Filter Include="Source Files\drzewo_binarne">
      <UniqueIdentifier>{7d288562-e948-4598-aaab-90c2f3bd92e8}</UniqueIdentifier>
    </Filter>
    <Filter Include="Header Files\drzewo_binarne">
      <UniqueIdentifier>{5c9057af-e6fc-45dc-86cc-94874bd93680}</UniqueIdentifier>
    </Filter>
    <Filter Include="Source Files\sortowanie">
      <UniqueIdentifier>{8b20cf21-fea2-4329-9775-5d49251fefe6}</UniqueIdentifier>
    </Filter>
    <Filter Include="Header Files\sortowanie">
      <UniqueIdentifier>{d82cedb3-050b-4dbb-9271-27905e9bd41d}</UniqueIdentifier>
    </Filter>
  </ItemGroup>
  <ItemGroup>
    <ClCompile Include="main.c">
      <Filter>Source Files</Filter>
    </ClCompile>
    <ClCompile Include="sortowanie\sortowanie.c">
      <Filter>Source Files\sortowanie</Filter>
    </ClCompile>
    <ClCompile Include="drzewo_binarne\lista.c">
      <Filter>Source Files\drzewo_binarne</Filter>
    </ClCompile>
    <ClCompile Include="drzewo_binarne\zadanie.c">
      <Filter>Source Files\drzewo_binarne</Filter>
    </ClCompile>
  </ItemGroup>
  <ItemGroup>
    <ClInclude Include="sortowanie\sortowanie.h">
      <Filter>Header Files\sortowanie</Filter>
    </ClInclude>
    <ClInclude Include="drzewo_binarne\lista.h">
      <Filter>Header Files\drzewo_binarne</Filter>
    </ClInclude>
    <ClInclude Include="drzewo_binarne\zadanie.h">
      <Filter>Header Files\drzewo_binarne</Filter>
    </ClInclude>
  </ItemGroup>
</Project>